
Microsoft Visual Studio Solution File, Format Version 12.00
# Visual Studio Version 17
VisualStudioVersion = 17.10.34928.147
MinimumVisualStudioVersion = 10.0.40219.1
Project("{2150E333-8FDC-42A3-9474-1A3956D46DE8}") = "src", "src", "{C0227016-DFE4-4E4F-879F-110E7D175706}"
EndProject
Project("{2150E333-8FDC-42A3-9474-1A3956D46DE8}") = "tests", "tests", "{D7EB8062-8607-4AC9-83B9-C1EEF58729E1}"
EndProject
Project("{FAE04EC0-301F-11D3-BF4B-00C04F79EFBC}") = "Todo.Core", "Todo.Core\Todo.Core.csproj", "{23D97A7A-79DF-4F27-BC3A-888CCA01BA7A}"
EndProject
Project("{FAE04EC0-301F-11D3-BF4B-00C04F79EFBC}") = "Todo.SampleApp", "Todo.SampleApp\Todo.SampleApp.csproj", "{F010331D-3286-4D35-A2BF-E96C59DE0787}"
EndProject
Project("{FAE04EC0-301F-11D3-BF4B-00C04F79EFBC}") = "Todo.Core.Tests", "Todo.Core.Tests\Todo.Core.Tests.csproj", "{5DF246C8-C844-4838-8F1D-1C944BAE3DAA}"
EndProject
Project("{2150E333-8FDC-42A3-9474-1A3956D46DE8}") = "Solution Items", "Solution Items", "{16E1FDFD-3ECD-47D4-9723-90D179F280C6}"
	ProjectSection(SolutionItems) = preProject
		.editorconfig.base = .editorconfig.base
		.editorconfig.strict = .editorconfig.strict
	EndProjectSection
EndProject
Global
	GlobalSection(SolutionConfigurationPlatforms) = preSolution
		Debug|Any CPU = Debug|Any CPU
		Release|Any CPU = Release|Any CPU
	EndGlobalSection
	GlobalSection(ProjectConfigurationPlatforms) = postSolution
		{23D97A7A-79DF-4F27-BC3A-888CCA01BA7A}.Debug|Any CPU.ActiveCfg = Debug|Any CPU
		{23D97A7A-79DF-4F27-BC3A-888CCA01BA7A}.Debug|Any CPU.Build.0 = Debug|Any CPU
		{23D97A7A-79DF-4F27-BC3A-888CCA01BA7A}.Release|Any CPU.ActiveCfg = Release|Any CPU
		{23D97A7A-79DF-4F27-BC3A-888CCA01BA7A}.Release|Any CPU.Build.0 = Release|Any CPU
		{F010331D-3286-4D35-A2BF-E96C59DE0787}.Debug|Any CPU.ActiveCfg = Debug|Any CPU
		{F010331D-3286-4D35-A2BF-E96C59DE0787}.Debug|Any CPU.Build.0 = Debug|Any CPU
		{F010331D-3286-4D35-A2BF-E96C59DE0787}.Release|Any CPU.ActiveCfg = Release|Any CPU
		{F010331D-3286-4D35-A2BF-E96C59DE0787}.Release|Any CPU.Build.0 = Release|Any CPU
		{5DF246C8-C844-4838-8F1D-1C944BAE3DAA}.Debug|Any CPU.ActiveCfg = Debug|Any CPU
		{5DF246C8-C844-4838-8F1D-1C944BAE3DAA}.Debug|Any CPU.Build.0 = Debug|Any CPU
		{5DF246C8-C844-4838-8F1D-1C944BAE3DAA}.Release|Any CPU.ActiveCfg = Release|Any CPU
		{5DF246C8-C844-4838-8F1D-1C944BAE3DAA}.Release|Any CPU.Build.0 = Release|Any CPU
	EndGlobalSection
	GlobalSection(SolutionProperties) = preSolution
		HideSolutionNode = FALSE
	EndGlobalSection
	GlobalSection(NestedProjects) = preSolution
		{23D97A7A-79DF-4F27-BC3A-888CCA01BA7A} = {C0227016-DFE4-4E4F-879F-110E7D175706}
		{F010331D-3286-4D35-A2BF-E96C59DE0787} = {C0227016-DFE4-4E4F-879F-110E7D175706}
		{5DF246C8-C844-4838-8F1D-1C944BAE3DAA} = {D7EB8062-8607-4AC9-83B9-C1EEF58729E1}
	EndGlobalSection
	GlobalSection(ExtensibilityGlobals) = postSolution
		SolutionGuid = {046DF06E-D0E2-4C4E-9750-B82720093F14}
	EndGlobalSection
EndGlobal
